
Microsoft Visual Studio Solution File, Format Version 12.00
# Visual Studio Version 17
VisualStudioVersion = 17.0.31611.283
MinimumVisualStudioVersion = 10.0.40219.1
Project("{9A19103F-16F7-4668-BE54-9A1E7A4F7556}") = "01_HelloWorld!", "01_HelloWorld!\01_HelloWorld!.csproj", "{056AF7EC-1D31-4907-9E9E-2E7FC3907FD0}"
EndProject
Project("{FAE04EC0-301F-11D3-BF4B-00C04F79EFBC}") = "02_Calculator", "02_Calculator\02_Calculator.csproj", "{329FE0C3-A7D4-4E69-B532-5BE153F685CD}"
EndProject
Project("{FAE04EC0-301F-11D3-BF4B-00C04F79EFBC}") = "03_BMI", "03_BMI\03_BMI.csproj", "{463A3460-6FFD-488D-9971-65DF8F9ACB8D}"
EndProject
Global
	GlobalSection(SolutionConfigurationPlatforms) = preSolution
		Debug|Any CPU = Debug|Any CPU
		Release|Any CPU = Release|Any CPU
	EndGlobalSection
	GlobalSection(ProjectConfigurationPlatforms) = postSolution
		{056AF7EC-1D31-4907-9E9E-2E7FC3907FD0}.Debug|Any CPU.ActiveCfg = Debug|Any CPU
		{056AF7EC-1D31-4907-9E9E-2E7FC3907FD0}.Debug|Any CPU.Build.0 = Debug|Any CPU
		{056AF7EC-1D31-4907-9E9E-2E7FC3907FD0}.Debug|Any CPU.Deploy.0 = Debug|Any CPU
		{056AF7EC-1D31-4907-9E9E-2E7FC3907FD0}.Release|Any CPU.ActiveCfg = Release|Any CPU
		{056AF7EC-1D31-4907-9E9E-2E7FC3907FD0}.Release|Any CPU.Build.0 = Release|Any CPU
		{056AF7EC-1D31-4907-9E9E-2E7FC3907FD0}.Release|Any CPU.Deploy.0 = Release|Any CPU
		{329FE0C3-A7D4-4E69-B532-5BE153F685CD}.Debug|Any CPU.ActiveCfg = Debug|Any CPU
		{329FE0C3-A7D4-4E69-B532-5BE153F685CD}.Debug|Any CPU.Build.0 = Debug|Any CPU
		{329FE0C3-A7D4-4E69-B532-5BE153F685CD}.Debug|Any CPU.Deploy.0 = Debug|Any CPU
		{329FE0C3-A7D4-4E69-B532-5BE153F685CD}.Release|Any CPU.ActiveCfg = Release|Any CPU
		{329FE0C3-A7D4-4E69-B532-5BE153F685CD}.Release|Any CPU.Build.0 = Release|Any CPU
		{329FE0C3-A7D4-4E69-B532-5BE153F685CD}.Release|Any CPU.Deploy.0 = Release|Any CPU
		{463A3460-6FFD-488D-9971-65DF8F9ACB8D}.Debug|Any CPU.ActiveCfg = Debug|Any CPU
		{463A3460-6FFD-488D-9971-65DF8F9ACB8D}.Debug|Any CPU.Build.0 = Debug|Any CPU
		{463A3460-6FFD-488D-9971-65DF8F9ACB8D}.Debug|Any CPU.Deploy.0 = Debug|Any CPU
		{463A3460-6FFD-488D-9971-65DF8F9ACB8D}.Release|Any CPU.ActiveCfg = Release|Any CPU
		{463A3460-6FFD-488D-9971-65DF8F9ACB8D}.Release|Any CPU.Build.0 = Release|Any CPU
		{463A3460-6FFD-488D-9971-65DF8F9ACB8D}.Release|Any CPU.Deploy.0 = Release|Any CPU
	EndGlobalSection
	GlobalSection(SolutionProperties) = preSolution
		HideSolutionNode = FALSE
	EndGlobalSection
	GlobalSection(ExtensibilityGlobals) = postSolution
		SolutionGuid = {61F7FB11-1E47-470C-91E2-47F8143E1572}
	EndGlobalSection
EndGlobal
